
Microsoft Visual Studio Solution File, Format Version 12.00
# Visual Studio Version 17
VisualStudioVersion = 17.5.002.0
MinimumVisualStudioVersion = 10.0.40219.1
Project("{9A19103F-16F7-4668-BE54-9A1E7A4F7556}") = "webenology.blazor.components.dropdown", "webenology.blazor.components.dropdown.csproj", "{5BAA359A-1A1C-4062-B5C9-D7B14C8A59E1}"
EndProject
Global
	GlobalSection(SolutionConfigurationPlatforms) = preSolution
		Debug|Any CPU = Debug|Any CPU
		Release|Any CPU = Release|Any CPU
	EndGlobalSection
	GlobalSection(ProjectConfigurationPlatforms) = postSolution
		{5BAA359A-1A1C-4062-B5C9-D7B14C8A59E1}.Debug|Any CPU.ActiveCfg = Debug|Any CPU
		{5BAA359A-1A1C-4062-B5C9-D7B14C8A59E1}.Debug|Any CPU.Build.0 = Debug|Any CPU
		{5BAA359A-1A1C-4062-B5C9-D7B14C8A59E1}.Release|Any CPU.ActiveCfg = Release|Any CPU
		{5BAA359A-1A1C-4062-B5C9-D7B14C8A59E1}.Release|Any CPU.Build.0 = Release|Any CPU
	EndGlobalSection
	GlobalSection(SolutionProperties) = preSolution
		HideSolutionNode = FALSE
	EndGlobalSection
	GlobalSection(ExtensibilityGlobals) = postSolution
		SolutionGuid = {BAA6D6DC-A51B-4851-B3DC-3AB61D1FF46F}
	EndGlobalSection
EndGlobal
