
Microsoft Visual Studio Solution File, Format Version 12.00
# Visual Studio Version 17
VisualStudioVersion = 17.1.32421.90
MinimumVisualStudioVersion = 10.0.40219.1
Project("{9A19103F-16F7-4668-BE54-9A1E7A4F7556}") = "webenology.blazor.components", "webenology.blazor.components\webenology.blazor.components.csproj", "{8235607A-2576-4987-AE19-59FE9E3786A1}"
EndProject
Project("{9A19103F-16F7-4668-BE54-9A1E7A4F7556}") = "TestApp", "TestApp\TestApp.csproj", "{BB36127E-720A-4B33-BEA4-50CA5A2F25E5}"
EndProject
Project("{2150E333-8FDC-42A3-9474-1A3956D46DE8}") = "Solution Items", "Solution Items", "{B1D587EE-B128-40E5-9393-4ED3A236C037}"
	ProjectSection(SolutionItems) = preProject
		global.json = global.json
		ReadMe.md = ReadMe.md
	EndProjectSection
EndProject
Project("{9A19103F-16F7-4668-BE54-9A1E7A4F7556}") = "webenology.blazor.components.Tests", "webenology.blazor.components.Tests\webenology.blazor.components.Tests.csproj", "{93F2868E-79F1-41C3-938F-76C420CCDDCF}"
EndProject
Project("{9A19103F-16F7-4668-BE54-9A1E7A4F7556}") = "webenology.blazor.ss.authentication", "webenology.blazor.ss.authentication\webenology.blazor.ss.authentication.csproj", "{CB687139-4EB8-457E-870B-F2A74CFDF62B}"
EndProject
Project("{9A19103F-16F7-4668-BE54-9A1E7A4F7556}") = "Benchmarking", "Benchmarking\Benchmarking.csproj", "{5202EF18-763A-49BC-9C82-3CEB2AA0359D}"
EndProject
Project("{9A19103F-16F7-4668-BE54-9A1E7A4F7556}") = "webenology.blazor.components.dropdown", "webenology.blazor.components.dropdown\webenology.blazor.components.dropdown.csproj", "{B5B2E36D-03A9-44CE-A3ED-C0F37929F1F3}"
EndProject
Project("{9A19103F-16F7-4668-BE54-9A1E7A4F7556}") = "webenology.blazor.components.shared", "webenology.blazor.components.shared\webenology.blazor.components.shared.csproj", "{7B316E3C-0B6A-474C-8886-319F5878254C}"
EndProject
Project("{9A19103F-16F7-4668-BE54-9A1E7A4F7556}") = "webenology.blazor.components.calendar", "webenology.blazor.components.calendar\webenology.blazor.components.calendar.csproj", "{A912F97D-83E8-4B90-97B6-1AC33F2719B5}"
EndProject
Project("{9A19103F-16F7-4668-BE54-9A1E7A4F7556}") = "webenology.blazor.components.shared.Tests", "webenology.blazor.components.shared.Tests\webenology.blazor.components.shared.Tests.csproj", "{B8D8B9B5-B928-4245-BC44-0B40699539DE}"
EndProject
Project("{9A19103F-16F7-4668-BE54-9A1E7A4F7556}") = "webenology.blazor.components.ConfirmComponent", "webenology.blazor.components.ConfirmComponent\webenology.blazor.components.ConfirmComponent.csproj", "{1A3F9A7E-A90E-41F1-ACBD-7577C0C49411}"
EndProject
Project("{9A19103F-16F7-4668-BE54-9A1E7A4F7556}") = "webenology.blazor.components.NotificationComponent", "webenology.blazor.components.NotificationComponent\webenology.blazor.components.NotificationComponent.csproj", "{50736AEE-7419-49E6-8DF1-BA7AB94D0465}"
EndProject
Project("{9A19103F-16F7-4668-BE54-9A1E7A4F7556}") = "webenology.blazor.components.TabComponent", "webenology.blazor.components.TabComponent\webenology.blazor.components.TabComponent.csproj", "{99D8BE08-CA44-46AC-985C-7BE8E450195F}"
EndProject
Project("{9A19103F-16F7-4668-BE54-9A1E7A4F7556}") = "webenology.blazor.components.ComboBoxComponents", "webenology.blazor.components.ComboBoxComponents\webenology.blazor.components.ComboBoxComponents.csproj", "{D4C519CE-972B-4855-A958-D3E0374E4AFE}"
EndProject
Project("{9A19103F-16F7-4668-BE54-9A1E7A4F7556}") = "webenology.blazor.components.OrderByComponent", "webenology.blazor.components.OrderByComponent\webenology.blazor.components.OrderByComponent.csproj", "{4D366435-63D0-438A-AD95-17A0C8D1B54C}"
EndProject
Project("{9A19103F-16F7-4668-BE54-9A1E7A4F7556}") = "webenology.blazor.components.ModalComponent", "webenology.blazor.components.ModalComponent\webenology.blazor.components.ModalComponent.csproj", "{655CF160-6E09-4AD0-9C13-10A15746F991}"
EndProject
Project("{9A19103F-16F7-4668-BE54-9A1E7A4F7556}") = "webenology.blazor.components.BlazorPdfComponent", "webenology.blazor.components.BlazorPdfComponent\webenology.blazor.components.BlazorPdfComponent.csproj", "{342BF80C-D9BA-4397-A29D-710BC5C52F6A}"
EndProject
Project("{9A19103F-16F7-4668-BE54-9A1E7A4F7556}") = "webenology.blazor.components.DropDownComponent", "webenology.blazor.components.DropDownComponent\webenology.blazor.components.DropDownComponent.csproj", "{B47E037D-14E4-4DE7-AB8E-8C995A798657}"
EndProject
Project("{9A19103F-16F7-4668-BE54-9A1E7A4F7556}") = "webenology.blazor.components.OutsideClickComponent", "webenology.blazor.components.OutsideClickComponent\webenology.blazor.components.OutsideClickComponent.csproj", "{16007DF7-F819-4DEF-BF02-105DA8B39FAC}"
EndProject
Project("{FAE04EC0-301F-11D3-BF4B-00C04F79EFBC}") = "webenology.blazor.components.TreeViewComponent", "webenology.blazor.components.TreeViewComponent\webenology.blazor.components.TreeViewComponent.csproj", "{4A7E1E44-2F30-4A7B-BBCA-A684D776560F}"
EndProject
Global
	GlobalSection(SolutionConfigurationPlatforms) = preSolution
		Debug|Any CPU = Debug|Any CPU
		Release|Any CPU = Release|Any CPU
	EndGlobalSection
	GlobalSection(ProjectConfigurationPlatforms) = postSolution
		{8235607A-2576-4987-AE19-59FE9E3786A1}.Debug|Any CPU.ActiveCfg = Debug|Any CPU
		{8235607A-2576-4987-AE19-59FE9E3786A1}.Debug|Any CPU.Build.0 = Debug|Any CPU
		{8235607A-2576-4987-AE19-59FE9E3786A1}.Release|Any CPU.ActiveCfg = Release|Any CPU
		{8235607A-2576-4987-AE19-59FE9E3786A1}.Release|Any CPU.Build.0 = Release|Any CPU
		{BB36127E-720A-4B33-BEA4-50CA5A2F25E5}.Debug|Any CPU.ActiveCfg = Debug|Any CPU
		{BB36127E-720A-4B33-BEA4-50CA5A2F25E5}.Debug|Any CPU.Build.0 = Debug|Any CPU
		{BB36127E-720A-4B33-BEA4-50CA5A2F25E5}.Release|Any CPU.ActiveCfg = Release|Any CPU
		{BB36127E-720A-4B33-BEA4-50CA5A2F25E5}.Release|Any CPU.Build.0 = Release|Any CPU
		{93F2868E-79F1-41C3-938F-76C420CCDDCF}.Debug|Any CPU.ActiveCfg = Debug|Any CPU
		{93F2868E-79F1-41C3-938F-76C420CCDDCF}.Debug|Any CPU.Build.0 = Debug|Any CPU
		{93F2868E-79F1-41C3-938F-76C420CCDDCF}.Release|Any CPU.ActiveCfg = Release|Any CPU
		{93F2868E-79F1-41C3-938F-76C420CCDDCF}.Release|Any CPU.Build.0 = Release|Any CPU
		{CB687139-4EB8-457E-870B-F2A74CFDF62B}.Debug|Any CPU.ActiveCfg = Debug|Any CPU
		{CB687139-4EB8-457E-870B-F2A74CFDF62B}.Debug|Any CPU.Build.0 = Debug|Any CPU
		{CB687139-4EB8-457E-870B-F2A74CFDF62B}.Release|Any CPU.ActiveCfg = Release|Any CPU
		{CB687139-4EB8-457E-870B-F2A74CFDF62B}.Release|Any CPU.Build.0 = Release|Any CPU
		{5202EF18-763A-49BC-9C82-3CEB2AA0359D}.Debug|Any CPU.ActiveCfg = Debug|Any CPU
		{5202EF18-763A-49BC-9C82-3CEB2AA0359D}.Debug|Any CPU.Build.0 = Debug|Any CPU
		{5202EF18-763A-49BC-9C82-3CEB2AA0359D}.Release|Any CPU.ActiveCfg = Release|Any CPU
		{5202EF18-763A-49BC-9C82-3CEB2AA0359D}.Release|Any CPU.Build.0 = Release|Any CPU
		{B5B2E36D-03A9-44CE-A3ED-C0F37929F1F3}.Debug|Any CPU.ActiveCfg = Debug|Any CPU
		{B5B2E36D-03A9-44CE-A3ED-C0F37929F1F3}.Debug|Any CPU.Build.0 = Debug|Any CPU
		{B5B2E36D-03A9-44CE-A3ED-C0F37929F1F3}.Release|Any CPU.ActiveCfg = Release|Any CPU
		{B5B2E36D-03A9-44CE-A3ED-C0F37929F1F3}.Release|Any CPU.Build.0 = Release|Any CPU
		{7B316E3C-0B6A-474C-8886-319F5878254C}.Debug|Any CPU.ActiveCfg = Debug|Any CPU
		{7B316E3C-0B6A-474C-8886-319F5878254C}.Debug|Any CPU.Build.0 = Debug|Any CPU
		{7B316E3C-0B6A-474C-8886-319F5878254C}.Release|Any CPU.ActiveCfg = Release|Any CPU
		{7B316E3C-0B6A-474C-8886-319F5878254C}.Release|Any CPU.Build.0 = Release|Any CPU
		{A912F97D-83E8-4B90-97B6-1AC33F2719B5}.Debug|Any CPU.ActiveCfg = Debug|Any CPU
		{A912F97D-83E8-4B90-97B6-1AC33F2719B5}.Debug|Any CPU.Build.0 = Debug|Any CPU
		{A912F97D-83E8-4B90-97B6-1AC33F2719B5}.Release|Any CPU.ActiveCfg = Release|Any CPU
		{A912F97D-83E8-4B90-97B6-1AC33F2719B5}.Release|Any CPU.Build.0 = Release|Any CPU
		{B8D8B9B5-B928-4245-BC44-0B40699539DE}.Debug|Any CPU.ActiveCfg = Debug|Any CPU
		{B8D8B9B5-B928-4245-BC44-0B40699539DE}.Debug|Any CPU.Build.0 = Debug|Any CPU
		{B8D8B9B5-B928-4245-BC44-0B40699539DE}.Release|Any CPU.ActiveCfg = Release|Any CPU
		{B8D8B9B5-B928-4245-BC44-0B40699539DE}.Release|Any CPU.Build.0 = Release|Any CPU
		{1A3F9A7E-A90E-41F1-ACBD-7577C0C49411}.Debug|Any CPU.ActiveCfg = Debug|Any CPU
		{1A3F9A7E-A90E-41F1-ACBD-7577C0C49411}.Debug|Any CPU.Build.0 = Debug|Any CPU
		{1A3F9A7E-A90E-41F1-ACBD-7577C0C49411}.Release|Any CPU.ActiveCfg = Release|Any CPU
		{1A3F9A7E-A90E-41F1-ACBD-7577C0C49411}.Release|Any CPU.Build.0 = Release|Any CPU
		{50736AEE-7419-49E6-8DF1-BA7AB94D0465}.Debug|Any CPU.ActiveCfg = Debug|Any CPU
		{50736AEE-7419-49E6-8DF1-BA7AB94D0465}.Debug|Any CPU.Build.0 = Debug|Any CPU
		{50736AEE-7419-49E6-8DF1-BA7AB94D0465}.Release|Any CPU.ActiveCfg = Release|Any CPU
		{50736AEE-7419-49E6-8DF1-BA7AB94D0465}.Release|Any CPU.Build.0 = Release|Any CPU
		{99D8BE08-CA44-46AC-985C-7BE8E450195F}.Debug|Any CPU.ActiveCfg = Debug|Any CPU
		{99D8BE08-CA44-46AC-985C-7BE8E450195F}.Debug|Any CPU.Build.0 = Debug|Any CPU
		{99D8BE08-CA44-46AC-985C-7BE8E450195F}.Release|Any CPU.ActiveCfg = Release|Any CPU
		{99D8BE08-CA44-46AC-985C-7BE8E450195F}.Release|Any CPU.Build.0 = Release|Any CPU
		{D4C519CE-972B-4855-A958-D3E0374E4AFE}.Debug|Any CPU.ActiveCfg = Debug|Any CPU
		{D4C519CE-972B-4855-A958-D3E0374E4AFE}.Debug|Any CPU.Build.0 = Debug|Any CPU
		{D4C519CE-972B-4855-A958-D3E0374E4AFE}.Release|Any CPU.ActiveCfg = Release|Any CPU
		{D4C519CE-972B-4855-A958-D3E0374E4AFE}.Release|Any CPU.Build.0 = Release|Any CPU
		{4D366435-63D0-438A-AD95-17A0C8D1B54C}.Debug|Any CPU.ActiveCfg = Debug|Any CPU
		{4D366435-63D0-438A-AD95-17A0C8D1B54C}.Debug|Any CPU.Build.0 = Debug|Any CPU
		{4D366435-63D0-438A-AD95-17A0C8D1B54C}.Release|Any CPU.ActiveCfg = Release|Any CPU
		{4D366435-63D0-438A-AD95-17A0C8D1B54C}.Release|Any CPU.Build.0 = Release|Any CPU
		{655CF160-6E09-4AD0-9C13-10A15746F991}.Debug|Any CPU.ActiveCfg = Debug|Any CPU
		{655CF160-6E09-4AD0-9C13-10A15746F991}.Debug|Any CPU.Build.0 = Debug|Any CPU
		{655CF160-6E09-4AD0-9C13-10A15746F991}.Release|Any CPU.ActiveCfg = Release|Any CPU
		{655CF160-6E09-4AD0-9C13-10A15746F991}.Release|Any CPU.Build.0 = Release|Any CPU
		{342BF80C-D9BA-4397-A29D-710BC5C52F6A}.Debug|Any CPU.ActiveCfg = Debug|Any CPU
		{342BF80C-D9BA-4397-A29D-710BC5C52F6A}.Debug|Any CPU.Build.0 = Debug|Any CPU
		{342BF80C-D9BA-4397-A29D-710BC5C52F6A}.Release|Any CPU.ActiveCfg = Release|Any CPU
		{342BF80C-D9BA-4397-A29D-710BC5C52F6A}.Release|Any CPU.Build.0 = Release|Any CPU
		{B47E037D-14E4-4DE7-AB8E-8C995A798657}.Debug|Any CPU.ActiveCfg = Debug|Any CPU
		{B47E037D-14E4-4DE7-AB8E-8C995A798657}.Debug|Any CPU.Build.0 = Debug|Any CPU
		{B47E037D-14E4-4DE7-AB8E-8C995A798657}.Release|Any CPU.ActiveCfg = Release|Any CPU
		{B47E037D-14E4-4DE7-AB8E-8C995A798657}.Release|Any CPU.Build.0 = Release|Any CPU
		{16007DF7-F819-4DEF-BF02-105DA8B39FAC}.Debug|Any CPU.ActiveCfg = Debug|Any CPU
		{16007DF7-F819-4DEF-BF02-105DA8B39FAC}.Debug|Any CPU.Build.0 = Debug|Any CPU
		{16007DF7-F819-4DEF-BF02-105DA8B39FAC}.Release|Any CPU.ActiveCfg = Release|Any CPU
		{16007DF7-F819-4DEF-BF02-105DA8B39FAC}.Release|Any CPU.Build.0 = Release|Any CPU
		{4A7E1E44-2F30-4A7B-BBCA-A684D776560F}.Debug|Any CPU.ActiveCfg = Debug|Any CPU
		{4A7E1E44-2F30-4A7B-BBCA-A684D776560F}.Debug|Any CPU.Build.0 = Debug|Any CPU
		{4A7E1E44-2F30-4A7B-BBCA-A684D776560F}.Release|Any CPU.ActiveCfg = Release|Any CPU
		{4A7E1E44-2F30-4A7B-BBCA-A684D776560F}.Release|Any CPU.Build.0 = Release|Any CPU
	EndGlobalSection
	GlobalSection(SolutionProperties) = preSolution
		HideSolutionNode = FALSE
	EndGlobalSection
	GlobalSection(ExtensibilityGlobals) = postSolution
		SolutionGuid = {C83AD63A-1D51-4689-BFDB-78D05094056B}
	EndGlobalSection
EndGlobal
